
Microsoft Visual Studio Solution File, Format Version 12.00
# Visual Studio Version 17
VisualStudioVersion = 17.14.36518.9 d17.14
MinimumVisualStudioVersion = 10.0.40219.1
Project("{FAE04EC0-301F-11D3-BF4B-00C04F79EFBC}") = "Cache.Core", "Cache.Core\Cache.Core.csproj", "{00AE2B23-30E8-47EC-8A4C-24ED0BFC5556}"
EndProject
Global
	GlobalSection(SolutionConfigurationPlatforms) = preSolution
		Debug|Any CPU = Debug|Any CPU
		Release|Any CPU = Release|Any CPU
	EndGlobalSection
	GlobalSection(ProjectConfigurationPlatforms) = postSolution
		{00AE2B23-30E8-47EC-8A4C-24ED0BFC5556}.Debug|Any CPU.ActiveCfg = Debug|Any CPU
		{00AE2B23-30E8-47EC-8A4C-24ED0BFC5556}.Debug|Any CPU.Build.0 = Debug|Any CPU
		{00AE2B23-30E8-47EC-8A4C-24ED0BFC5556}.Release|Any CPU.ActiveCfg = Release|Any CPU
		{00AE2B23-30E8-47EC-8A4C-24ED0BFC5556}.Release|Any CPU.Build.0 = Release|Any CPU
	EndGlobalSection
	GlobalSection(SolutionProperties) = preSolution
		HideSolutionNode = FALSE
	EndGlobalSection
	GlobalSection(ExtensibilityGlobals) = postSolution
		SolutionGuid = {61AC745E-D630-40A2-85C6-F9919BE6298F}
	EndGlobalSection
EndGlobal
